
Microsoft Visual Studio Solution File, Format Version 12.00
# Visual Studio 2013
VisualStudioVersion = 12.0.31101.0
MinimumVisualStudioVersion = 10.0.40219.1
Project("{FAE04EC0-301F-11D3-BF4B-00C04F79EFBC}") = "XEurope", "XEurope.csproj", "{813B93DD-5C09-4689-99BF-DECE0F152992}"
EndProject
Project("{2150E333-8FDC-42A3-9474-1A3956D46DE8}") = ".nuget", ".nuget", "{3906E872-E362-45ED-9733-EE4F1D7FE59A}"
	ProjectSection(SolutionItems) = preProject
		.nuget\NuGet.Config = .nuget\NuGet.Config
		.nuget\NuGet.exe = .nuget\NuGet.exe
		.nuget\NuGet.targets = .nuget\NuGet.targets
	EndProjectSection
EndProject
Global
	GlobalSection(SolutionConfigurationPlatforms) = preSolution
		Debug|Any CPU = Debug|Any CPU
		Debug|ARM = Debug|ARM
		Debug|x64 = Debug|x64
		Debug|x86 = Debug|x86
		Release|Any CPU = Release|Any CPU
		Release|ARM = Release|ARM
		Release|x64 = Release|x64
		Release|x86 = Release|x86
	EndGlobalSection
	GlobalSection(ProjectConfigurationPlatforms) = postSolution
		{813B93DD-5C09-4689-99BF-DECE0F152992}.Debug|Any CPU.ActiveCfg = Debug|ARM
		{813B93DD-5C09-4689-99BF-DECE0F152992}.Debug|Any CPU.Build.0 = Debug|ARM
		{813B93DD-5C09-4689-99BF-DECE0F152992}.Debug|Any CPU.Deploy.0 = Debug|ARM
		{813B93DD-5C09-4689-99BF-DECE0F152992}.Debug|ARM.ActiveCfg = Debug|Any CPU
		{813B93DD-5C09-4689-99BF-DECE0F152992}.Debug|ARM.Build.0 = Debug|Any CPU
		{813B93DD-5C09-4689-99BF-DECE0F152992}.Debug|ARM.Deploy.0 = Debug|Any CPU
		{813B93DD-5C09-4689-99BF-DECE0F152992}.Debug|x64.ActiveCfg = Debug|x64
		{813B93DD-5C09-4689-99BF-DECE0F152992}.Debug|x64.Build.0 = Debug|x64
		{813B93DD-5C09-4689-99BF-DECE0F152992}.Debug|x64.Deploy.0 = Debug|x64
		{813B93DD-5C09-4689-99BF-DECE0F152992}.Debug|x86.ActiveCfg = Debug|x86
		{813B93DD-5C09-4689-99BF-DECE0F152992}.Debug|x86.Build.0 = Debug|x86
		{813B93DD-5C09-4689-99BF-DECE0F152992}.Debug|x86.Deploy.0 = Debug|x86
		{813B93DD-5C09-4689-99BF-DECE0F152992}.Release|Any CPU.ActiveCfg = Release|Any CPU
		{813B93DD-5C09-4689-99BF-DECE0F152992}.Release|Any CPU.Build.0 = Release|Any CPU
		{813B93DD-5C09-4689-99BF-DECE0F152992}.Release|Any CPU.Deploy.0 = Release|Any CPU
		{813B93DD-5C09-4689-99BF-DECE0F152992}.Release|ARM.ActiveCfg = Release|ARM
		{813B93DD-5C09-4689-99BF-DECE0F152992}.Release|ARM.Build.0 = Release|ARM
		{813B93DD-5C09-4689-99BF-DECE0F152992}.Release|ARM.Deploy.0 = Release|ARM
		{813B93DD-5C09-4689-99BF-DECE0F152992}.Release|x64.ActiveCfg = Release|x64
		{813B93DD-5C09-4689-99BF-DECE0F152992}.Release|x64.Build.0 = Release|x64
		{813B93DD-5C09-4689-99BF-DECE0F152992}.Release|x64.Deploy.0 = Release|x64
		{813B93DD-5C09-4689-99BF-DECE0F152992}.Release|x86.ActiveCfg = Release|x86
		{813B93DD-5C09-4689-99BF-DECE0F152992}.Release|x86.Build.0 = Release|x86
		{813B93DD-5C09-4689-99BF-DECE0F152992}.Release|x86.Deploy.0 = Release|x86
	EndGlobalSection
	GlobalSection(SolutionProperties) = preSolution
		HideSolutionNode = FALSE
	EndGlobalSection
EndGlobal
